
Microsoft Visual Studio Solution File, Format Version 12.00
# Visual Studio Version 17
VisualStudioVersion = 17.11.35327.3
MinimumVisualStudioVersion = 10.0.40219.1
Project("{FAE04EC0-301F-11D3-BF4B-00C04F79EFBC}") = "coreBasicApp", "coreBasicApp\coreBasicApp.csproj", "{720F76EF-35FE-4415-8E49-650560E2D098}"
EndProject
Project("{FAE04EC0-301F-11D3-BF4B-00C04F79EFBC}") = "coreMvcApp", "coreMvcApp\coreMvcApp.csproj", "{EC4862A7-8ACC-475D-B751-35ACBE21292E}"
EndProject
Global
	GlobalSection(SolutionConfigurationPlatforms) = preSolution
		Debug|Any CPU = Debug|Any CPU
		Release|Any CPU = Release|Any CPU
	EndGlobalSection
	GlobalSection(ProjectConfigurationPlatforms) = postSolution
		{720F76EF-35FE-4415-8E49-650560E2D098}.Debug|Any CPU.ActiveCfg = Debug|Any CPU
		{720F76EF-35FE-4415-8E49-650560E2D098}.Debug|Any CPU.Build.0 = Debug|Any CPU
		{720F76EF-35FE-4415-8E49-650560E2D098}.Release|Any CPU.ActiveCfg = Release|Any CPU
		{720F76EF-35FE-4415-8E49-650560E2D098}.Release|Any CPU.Build.0 = Release|Any CPU
		{EC4862A7-8ACC-475D-B751-35ACBE21292E}.Debug|Any CPU.ActiveCfg = Debug|Any CPU
		{EC4862A7-8ACC-475D-B751-35ACBE21292E}.Debug|Any CPU.Build.0 = Debug|Any CPU
		{EC4862A7-8ACC-475D-B751-35ACBE21292E}.Release|Any CPU.ActiveCfg = Release|Any CPU
		{EC4862A7-8ACC-475D-B751-35ACBE21292E}.Release|Any CPU.Build.0 = Release|Any CPU
	EndGlobalSection
	GlobalSection(SolutionProperties) = preSolution
		HideSolutionNode = FALSE
	EndGlobalSection
	GlobalSection(ExtensibilityGlobals) = postSolution
		SolutionGuid = {DE91258B-D94A-42D4-93E0-04D6DB9BF679}
	EndGlobalSection
EndGlobal
